{
  "name": "npm_deno",
  "version": "1.0.0",
  "lockfileVersion": 2,
  "requires": true,
  "peer": true,
  "packages": {
    "": {
      "version": "1.0.0",
      "hasInstallScript": true,
      "license": "MIT",
      "bin": {
        "deno": "bin/denojs.js"
      },
      "peerDependencies": {
        "deno": "."
      }
    },
    "node_modules/deno": {
      "resolved": "",
      "link": true
    }
  },
  "dependencies": {
    "deno": {
      "version": "file:",
      "requires": {}
    }
  }
}
